
Microsoft Visual Studio Solution File, Format Version 12.00
# Visual Studio 15
VisualStudioVersion = 15.0.28307.329
MinimumVisualStudioVersion = 10.0.40219.1
Project("{FAE04EC0-301F-11D3-BF4B-00C04F79EFBC}") = "RoR2FluffyMods", "RoR2FluffyMods\RoR2FluffyMods.csproj", "{C6D03D18-1C47-4506-A72E-F5DC80A7DFAC}"
EndProject
Project("{FAE04EC0-301F-11D3-BF4B-00C04F79EFBC}") = "BackupEngiTurrets", "BackupEngiTurrets\BackupEngiTurrets.csproj", "{C55BCF67-59B9-40E6-A245-50266E257957}"
EndProject
Project("{FAE04EC0-301F-11D3-BF4B-00C04F79EFBC}") = "TheMightyBoop", "TheMightyBoop\TheMightyBoop.csproj", "{DCC58185-8212-4226-9E7D-F459E9FA461D}"
EndProject
Project("{FAE04EC0-301F-11D3-BF4B-00C04F79EFBC}") = "TeleportVote", "TeleportVote\TeleportVote.csproj", "{FEC07B71-957D-478A-83B3-C91BEC8F0757}"
EndProject
Project("{FAE04EC0-301F-11D3-BF4B-00C04F79EFBC}") = "ConsoleTestApp", "ConsoleTestApp\ConsoleTestApp.csproj", "{44A0D307-7AFE-40DE-B96B-C9A37760B403}"
EndProject
Project("{FAE04EC0-301F-11D3-BF4B-00C04F79EFBC}") = "MeteorPunishment", "MeteorPunishment\MeteorPunishment.csproj", "{C5E879B6-434F-435E-85A0-488DF77FC695}"
EndProject
Project("{FAE04EC0-301F-11D3-BF4B-00C04F79EFBC}") = "HasAnyoneHitTheNewt", "HasAnyoneHitTheNewt\HasAnyoneHitTheNewt.csproj", "{E216981A-1AF0-4F4C-BE29-D54FDB484AF7}"
EndProject
Project("{FAE04EC0-301F-11D3-BF4B-00C04F79EFBC}") = "EngiShieldNotification", "EngiShieldNotification\EngiShieldNotification.csproj", "{D0C22787-041E-46F3-A257-DB9776581C64}"
EndProject
Global
	GlobalSection(SolutionConfigurationPlatforms) = preSolution
		Debug|Any CPU = Debug|Any CPU
		Release|Any CPU = Release|Any CPU
	EndGlobalSection
	GlobalSection(ProjectConfigurationPlatforms) = postSolution
		{C6D03D18-1C47-4506-A72E-F5DC80A7DFAC}.Debug|Any CPU.ActiveCfg = Debug|Any CPU
		{C6D03D18-1C47-4506-A72E-F5DC80A7DFAC}.Debug|Any CPU.Build.0 = Debug|Any CPU
		{C6D03D18-1C47-4506-A72E-F5DC80A7DFAC}.Release|Any CPU.ActiveCfg = Release|Any CPU
		{C6D03D18-1C47-4506-A72E-F5DC80A7DFAC}.Release|Any CPU.Build.0 = Release|Any CPU
		{C55BCF67-59B9-40E6-A245-50266E257957}.Debug|Any CPU.ActiveCfg = Debug|Any CPU
		{C55BCF67-59B9-40E6-A245-50266E257957}.Debug|Any CPU.Build.0 = Debug|Any CPU
		{C55BCF67-59B9-40E6-A245-50266E257957}.Release|Any CPU.ActiveCfg = Release|Any CPU
		{C55BCF67-59B9-40E6-A245-50266E257957}.Release|Any CPU.Build.0 = Release|Any CPU
		{DCC58185-8212-4226-9E7D-F459E9FA461D}.Debug|Any CPU.ActiveCfg = Debug|Any CPU
		{DCC58185-8212-4226-9E7D-F459E9FA461D}.Debug|Any CPU.Build.0 = Debug|Any CPU
		{DCC58185-8212-4226-9E7D-F459E9FA461D}.Release|Any CPU.ActiveCfg = Release|Any CPU
		{DCC58185-8212-4226-9E7D-F459E9FA461D}.Release|Any CPU.Build.0 = Release|Any CPU
		{FEC07B71-957D-478A-83B3-C91BEC8F0757}.Debug|Any CPU.ActiveCfg = Debug|Any CPU
		{FEC07B71-957D-478A-83B3-C91BEC8F0757}.Debug|Any CPU.Build.0 = Debug|Any CPU
		{FEC07B71-957D-478A-83B3-C91BEC8F0757}.Release|Any CPU.ActiveCfg = Release|Any CPU
		{FEC07B71-957D-478A-83B3-C91BEC8F0757}.Release|Any CPU.Build.0 = Release|Any CPU
		{44A0D307-7AFE-40DE-B96B-C9A37760B403}.Debug|Any CPU.ActiveCfg = Debug|Any CPU
		{44A0D307-7AFE-40DE-B96B-C9A37760B403}.Debug|Any CPU.Build.0 = Debug|Any CPU
		{44A0D307-7AFE-40DE-B96B-C9A37760B403}.Release|Any CPU.ActiveCfg = Release|Any CPU
		{44A0D307-7AFE-40DE-B96B-C9A37760B403}.Release|Any CPU.Build.0 = Release|Any CPU
		{C5E879B6-434F-435E-85A0-488DF77FC695}.Debug|Any CPU.ActiveCfg = Debug|Any CPU
		{C5E879B6-434F-435E-85A0-488DF77FC695}.Debug|Any CPU.Build.0 = Debug|Any CPU
		{C5E879B6-434F-435E-85A0-488DF77FC695}.Release|Any CPU.ActiveCfg = Release|Any CPU
		{C5E879B6-434F-435E-85A0-488DF77FC695}.Release|Any CPU.Build.0 = Release|Any CPU
		{E216981A-1AF0-4F4C-BE29-D54FDB484AF7}.Debug|Any CPU.ActiveCfg = Debug|Any CPU
		{E216981A-1AF0-4F4C-BE29-D54FDB484AF7}.Debug|Any CPU.Build.0 = Debug|Any CPU
		{E216981A-1AF0-4F4C-BE29-D54FDB484AF7}.Release|Any CPU.ActiveCfg = Release|Any CPU
		{E216981A-1AF0-4F4C-BE29-D54FDB484AF7}.Release|Any CPU.Build.0 = Release|Any CPU
		{D0C22787-041E-46F3-A257-DB9776581C64}.Debug|Any CPU.ActiveCfg = Debug|Any CPU
		{D0C22787-041E-46F3-A257-DB9776581C64}.Debug|Any CPU.Build.0 = Debug|Any CPU
		{D0C22787-041E-46F3-A257-DB9776581C64}.Release|Any CPU.ActiveCfg = Release|Any CPU
		{D0C22787-041E-46F3-A257-DB9776581C64}.Release|Any CPU.Build.0 = Release|Any CPU
	EndGlobalSection
	GlobalSection(SolutionProperties) = preSolution
		HideSolutionNode = FALSE
	EndGlobalSection
	GlobalSection(ExtensibilityGlobals) = postSolution
		SolutionGuid = {EDF5086C-311C-441D-8063-82C062301BD1}
	EndGlobalSection
EndGlobal
