
Microsoft Visual Studio Solution File, Format Version 12.00
# Visual Studio Version 16
VisualStudioVersion = 16.0.29806.167
MinimumVisualStudioVersion = 10.0.40219.1
Project("{FAE04EC0-301F-11D3-BF4B-00C04F79EFBC}") = "BackupEngiTurrets", "BackupEngiTurrets\BackupEngiTurrets.csproj", "{C55BCF67-59B9-40E6-A245-50266E257957}"
EndProject
Project("{FAE04EC0-301F-11D3-BF4B-00C04F79EFBC}") = "TheMightyBoop", "TheMightyBoop\TheMightyBoop.csproj", "{DCC58185-8212-4226-9E7D-F459E9FA461D}"
EndProject
Project("{FAE04EC0-301F-11D3-BF4B-00C04F79EFBC}") = "TeleportVote", "TeleportVote\TeleportVote.csproj", "{FEC07B71-957D-478A-83B3-C91BEC8F0757}"
EndProject
Project("{FAE04EC0-301F-11D3-BF4B-00C04F79EFBC}") = "MeteorPunishment", "MeteorPunishment\MeteorPunishment.csproj", "{C5E879B6-434F-435E-85A0-488DF77FC695}"
EndProject
Project("{FAE04EC0-301F-11D3-BF4B-00C04F79EFBC}") = "EngiShieldNotification", "EngiShieldNotification\EngiShieldNotification.csproj", "{D0C22787-041E-46F3-A257-DB9776581C64}"
EndProject
Project("{FAE04EC0-301F-11D3-BF4B-00C04F79EFBC}") = "MotherfuckingFungus", "ItsAMotherfuckingFungus\MotherfuckingFungus.csproj", "{95E57BAC-729D-4BB9-8E3A-648A614729A6}"
EndProject
Project("{FAE04EC0-301F-11D3-BF4B-00C04F79EFBC}") = "InfusionStackFix", "InfusionStackFix\InfusionStackFix.csproj", "{DC0EF4AF-4B0B-4946-9860-044799E6AF52}"
EndProject
Project("{FAE04EC0-301F-11D3-BF4B-00C04F79EFBC}") = "PocketMoney", "PocketMoney\PocketMoney.csproj", "{9A85BBD8-E43A-4DD8-8E82-40469B6D00DB}"
EndProject
Project("{FAE04EC0-301F-11D3-BF4B-00C04F79EFBC}") = "RiskOfVampirism", "RiskOfVampires\RiskOfVampirism.csproj", "{3CBC7D64-F558-420E-AD70-881103BD8DAC}"
EndProject
Project("{FAE04EC0-301F-11D3-BF4B-00C04F79EFBC}") = "BulletFalloffFix", "BulletFalloffFix\BulletFalloffFix.csproj", "{B810F50E-BC5F-4C14-B032-6A786DB7269C}"
EndProject
Project("{FAE04EC0-301F-11D3-BF4B-00C04F79EFBC}") = "RenergisedDrink", "RenergisedDrink\RenergisedDrink.csproj", "{B17B6827-B9E5-450A-A40B-737729F7E931}"
EndProject
Project("{2150E333-8FDC-42A3-9474-1A3956D46DE8}") = "OnHold", "OnHold", "{AA4E1C34-B3F3-47C5-9A0C-18B0E72155D2}"
EndProject
Project("{FAE04EC0-301F-11D3-BF4B-00C04F79EFBC}") = "ChronobaubleFix", "ChronobaubleFix\ChronobaubleFix.csproj", "{048CDBF6-EDE7-46F5-AED9-0522A40F0671}"
EndProject
Project("{FAE04EC0-301F-11D3-BF4B-00C04F79EFBC}") = "MacroCommands", "MacroCommands\MacroCommands.csproj", "{71158916-80D4-4497-A8B4-35230FC96C1C}"
EndProject
Project("{2150E333-8FDC-42A3-9474-1A3956D46DE8}") = "Stable", "Stable", "{803AC18A-973A-4016-9FA0-1754531A7284}"
EndProject
Project("{FAE04EC0-301F-11D3-BF4B-00C04F79EFBC}") = "DeployableOwnerInformation", "DeployableToOwnerLink\DeployableOwnerInformation.csproj", "{3B9028AD-EF1B-4A85-A8A5-A3888716EC3A}"
EndProject
Project("{FAE04EC0-301F-11D3-BF4B-00C04F79EFBC}") = "RiskOfCatFacts", "RiskOfCatFacts\RiskOfCatFacts.csproj", "{AD83A989-CB7E-4332-A12A-1B4B12703A5B}"
EndProject
Project("{FAE04EC0-301F-11D3-BF4B-00C04F79EFBC}") = "InputLogger", "InputLogger\InputLogger.csproj", "{9790BCC9-0299-4850-8F8B-1E2A156AC698}"
EndProject
Project("{2150E333-8FDC-42A3-9474-1A3956D46DE8}") = "WIP", "WIP", "{1CF5BB02-3587-4DD7-847F-943F67308FC7}"
EndProject
Project("{2150E333-8FDC-42A3-9474-1A3956D46DE8}") = "Deprecated", "Deprecated", "{BE4F81D7-319E-4D46-B091-1B5ADF86B478}"
EndProject
Project("{9A19103F-16F7-4668-BE54-9A1E7A4F7556}") = "TestStuff", "TestStuff\TestStuff.csproj", "{9B3B41FA-28C1-42C2-A560-4B6BA91A6EE7}"
EndProject
Project("{9A19103F-16F7-4668-BE54-9A1E7A4F7556}") = "RiskOfCoriander", "RiskOfCoriander\RiskOfCoriander.csproj", "{BAA93BD8-9222-409E-9003-EAA0E578C1E8}"
EndProject
Project("{9A19103F-16F7-4668-BE54-9A1E7A4F7556}") = "CustomCharacterPlay", "CustomCharacterPlay\CustomCharacterPlay.csproj", "{17E83140-C358-48FD-B6E0-4E985EB8FD30}"
EndProject
Project("{9A19103F-16F7-4668-BE54-9A1E7A4F7556}") = "CustomCharacterBuilder", "CustomCharacterBuilder\CustomCharacterBuilder.csproj", "{1426CD50-13A6-498C-AA13-C5DE7A867A23}"
EndProject
Global
	GlobalSection(SolutionConfigurationPlatforms) = preSolution
		Debug|Any CPU = Debug|Any CPU
		Release|Any CPU = Release|Any CPU
	EndGlobalSection
	GlobalSection(ProjectConfigurationPlatforms) = postSolution
		{C55BCF67-59B9-40E6-A245-50266E257957}.Debug|Any CPU.ActiveCfg = Debug|Any CPU
		{C55BCF67-59B9-40E6-A245-50266E257957}.Debug|Any CPU.Build.0 = Debug|Any CPU
		{C55BCF67-59B9-40E6-A245-50266E257957}.Release|Any CPU.ActiveCfg = Release|Any CPU
		{C55BCF67-59B9-40E6-A245-50266E257957}.Release|Any CPU.Build.0 = Release|Any CPU
		{DCC58185-8212-4226-9E7D-F459E9FA461D}.Debug|Any CPU.ActiveCfg = Debug|Any CPU
		{DCC58185-8212-4226-9E7D-F459E9FA461D}.Debug|Any CPU.Build.0 = Debug|Any CPU
		{DCC58185-8212-4226-9E7D-F459E9FA461D}.Release|Any CPU.ActiveCfg = Release|Any CPU
		{DCC58185-8212-4226-9E7D-F459E9FA461D}.Release|Any CPU.Build.0 = Release|Any CPU
		{FEC07B71-957D-478A-83B3-C91BEC8F0757}.Debug|Any CPU.ActiveCfg = Debug|Any CPU
		{FEC07B71-957D-478A-83B3-C91BEC8F0757}.Debug|Any CPU.Build.0 = Debug|Any CPU
		{FEC07B71-957D-478A-83B3-C91BEC8F0757}.Release|Any CPU.ActiveCfg = Release|Any CPU
		{FEC07B71-957D-478A-83B3-C91BEC8F0757}.Release|Any CPU.Build.0 = Release|Any CPU
		{C5E879B6-434F-435E-85A0-488DF77FC695}.Debug|Any CPU.ActiveCfg = Debug|Any CPU
		{C5E879B6-434F-435E-85A0-488DF77FC695}.Debug|Any CPU.Build.0 = Debug|Any CPU
		{C5E879B6-434F-435E-85A0-488DF77FC695}.Release|Any CPU.ActiveCfg = Release|Any CPU
		{C5E879B6-434F-435E-85A0-488DF77FC695}.Release|Any CPU.Build.0 = Release|Any CPU
		{D0C22787-041E-46F3-A257-DB9776581C64}.Debug|Any CPU.ActiveCfg = Debug|Any CPU
		{D0C22787-041E-46F3-A257-DB9776581C64}.Debug|Any CPU.Build.0 = Debug|Any CPU
		{D0C22787-041E-46F3-A257-DB9776581C64}.Release|Any CPU.ActiveCfg = Release|Any CPU
		{D0C22787-041E-46F3-A257-DB9776581C64}.Release|Any CPU.Build.0 = Release|Any CPU
		{95E57BAC-729D-4BB9-8E3A-648A614729A6}.Debug|Any CPU.ActiveCfg = Debug|Any CPU
		{95E57BAC-729D-4BB9-8E3A-648A614729A6}.Debug|Any CPU.Build.0 = Debug|Any CPU
		{95E57BAC-729D-4BB9-8E3A-648A614729A6}.Release|Any CPU.ActiveCfg = Release|Any CPU
		{95E57BAC-729D-4BB9-8E3A-648A614729A6}.Release|Any CPU.Build.0 = Release|Any CPU
		{DC0EF4AF-4B0B-4946-9860-044799E6AF52}.Debug|Any CPU.ActiveCfg = Debug|Any CPU
		{DC0EF4AF-4B0B-4946-9860-044799E6AF52}.Debug|Any CPU.Build.0 = Debug|Any CPU
		{DC0EF4AF-4B0B-4946-9860-044799E6AF52}.Release|Any CPU.ActiveCfg = Release|Any CPU
		{DC0EF4AF-4B0B-4946-9860-044799E6AF52}.Release|Any CPU.Build.0 = Release|Any CPU
		{9A85BBD8-E43A-4DD8-8E82-40469B6D00DB}.Debug|Any CPU.ActiveCfg = Debug|Any CPU
		{9A85BBD8-E43A-4DD8-8E82-40469B6D00DB}.Debug|Any CPU.Build.0 = Debug|Any CPU
		{9A85BBD8-E43A-4DD8-8E82-40469B6D00DB}.Release|Any CPU.ActiveCfg = Release|Any CPU
		{9A85BBD8-E43A-4DD8-8E82-40469B6D00DB}.Release|Any CPU.Build.0 = Release|Any CPU
		{3CBC7D64-F558-420E-AD70-881103BD8DAC}.Debug|Any CPU.ActiveCfg = Debug|Any CPU
		{3CBC7D64-F558-420E-AD70-881103BD8DAC}.Debug|Any CPU.Build.0 = Debug|Any CPU
		{3CBC7D64-F558-420E-AD70-881103BD8DAC}.Release|Any CPU.ActiveCfg = Release|Any CPU
		{3CBC7D64-F558-420E-AD70-881103BD8DAC}.Release|Any CPU.Build.0 = Release|Any CPU
		{B810F50E-BC5F-4C14-B032-6A786DB7269C}.Debug|Any CPU.ActiveCfg = Debug|Any CPU
		{B810F50E-BC5F-4C14-B032-6A786DB7269C}.Debug|Any CPU.Build.0 = Debug|Any CPU
		{B810F50E-BC5F-4C14-B032-6A786DB7269C}.Release|Any CPU.ActiveCfg = Release|Any CPU
		{B810F50E-BC5F-4C14-B032-6A786DB7269C}.Release|Any CPU.Build.0 = Release|Any CPU
		{B17B6827-B9E5-450A-A40B-737729F7E931}.Debug|Any CPU.ActiveCfg = Debug|Any CPU
		{B17B6827-B9E5-450A-A40B-737729F7E931}.Debug|Any CPU.Build.0 = Debug|Any CPU
		{B17B6827-B9E5-450A-A40B-737729F7E931}.Release|Any CPU.ActiveCfg = Release|Any CPU
		{B17B6827-B9E5-450A-A40B-737729F7E931}.Release|Any CPU.Build.0 = Release|Any CPU
		{048CDBF6-EDE7-46F5-AED9-0522A40F0671}.Debug|Any CPU.ActiveCfg = Debug|Any CPU
		{048CDBF6-EDE7-46F5-AED9-0522A40F0671}.Debug|Any CPU.Build.0 = Debug|Any CPU
		{048CDBF6-EDE7-46F5-AED9-0522A40F0671}.Release|Any CPU.ActiveCfg = Release|Any CPU
		{048CDBF6-EDE7-46F5-AED9-0522A40F0671}.Release|Any CPU.Build.0 = Release|Any CPU
		{71158916-80D4-4497-A8B4-35230FC96C1C}.Debug|Any CPU.ActiveCfg = Debug|Any CPU
		{71158916-80D4-4497-A8B4-35230FC96C1C}.Debug|Any CPU.Build.0 = Debug|Any CPU
		{71158916-80D4-4497-A8B4-35230FC96C1C}.Release|Any CPU.ActiveCfg = Release|Any CPU
		{71158916-80D4-4497-A8B4-35230FC96C1C}.Release|Any CPU.Build.0 = Release|Any CPU
		{3B9028AD-EF1B-4A85-A8A5-A3888716EC3A}.Debug|Any CPU.ActiveCfg = Debug|Any CPU
		{3B9028AD-EF1B-4A85-A8A5-A3888716EC3A}.Debug|Any CPU.Build.0 = Debug|Any CPU
		{3B9028AD-EF1B-4A85-A8A5-A3888716EC3A}.Release|Any CPU.ActiveCfg = Release|Any CPU
		{3B9028AD-EF1B-4A85-A8A5-A3888716EC3A}.Release|Any CPU.Build.0 = Release|Any CPU
		{AD83A989-CB7E-4332-A12A-1B4B12703A5B}.Debug|Any CPU.ActiveCfg = Debug|Any CPU
		{AD83A989-CB7E-4332-A12A-1B4B12703A5B}.Debug|Any CPU.Build.0 = Debug|Any CPU
		{AD83A989-CB7E-4332-A12A-1B4B12703A5B}.Release|Any CPU.ActiveCfg = Release|Any CPU
		{AD83A989-CB7E-4332-A12A-1B4B12703A5B}.Release|Any CPU.Build.0 = Release|Any CPU
		{9790BCC9-0299-4850-8F8B-1E2A156AC698}.Debug|Any CPU.ActiveCfg = Debug|Any CPU
		{9790BCC9-0299-4850-8F8B-1E2A156AC698}.Debug|Any CPU.Build.0 = Debug|Any CPU
		{9790BCC9-0299-4850-8F8B-1E2A156AC698}.Release|Any CPU.ActiveCfg = Release|Any CPU
		{9790BCC9-0299-4850-8F8B-1E2A156AC698}.Release|Any CPU.Build.0 = Release|Any CPU
		{9B3B41FA-28C1-42C2-A560-4B6BA91A6EE7}.Debug|Any CPU.ActiveCfg = Debug|Any CPU
		{9B3B41FA-28C1-42C2-A560-4B6BA91A6EE7}.Debug|Any CPU.Build.0 = Debug|Any CPU
		{9B3B41FA-28C1-42C2-A560-4B6BA91A6EE7}.Release|Any CPU.ActiveCfg = Release|Any CPU
		{9B3B41FA-28C1-42C2-A560-4B6BA91A6EE7}.Release|Any CPU.Build.0 = Release|Any CPU
		{BAA93BD8-9222-409E-9003-EAA0E578C1E8}.Debug|Any CPU.ActiveCfg = Debug|Any CPU
		{BAA93BD8-9222-409E-9003-EAA0E578C1E8}.Debug|Any CPU.Build.0 = Debug|Any CPU
		{BAA93BD8-9222-409E-9003-EAA0E578C1E8}.Release|Any CPU.ActiveCfg = Release|Any CPU
		{BAA93BD8-9222-409E-9003-EAA0E578C1E8}.Release|Any CPU.Build.0 = Release|Any CPU
		{17E83140-C358-48FD-B6E0-4E985EB8FD30}.Debug|Any CPU.ActiveCfg = Debug|Any CPU
		{17E83140-C358-48FD-B6E0-4E985EB8FD30}.Debug|Any CPU.Build.0 = Debug|Any CPU
		{17E83140-C358-48FD-B6E0-4E985EB8FD30}.Release|Any CPU.ActiveCfg = Release|Any CPU
		{17E83140-C358-48FD-B6E0-4E985EB8FD30}.Release|Any CPU.Build.0 = Release|Any CPU
		{1426CD50-13A6-498C-AA13-C5DE7A867A23}.Debug|Any CPU.ActiveCfg = Debug|Any CPU
		{1426CD50-13A6-498C-AA13-C5DE7A867A23}.Debug|Any CPU.Build.0 = Debug|Any CPU
		{1426CD50-13A6-498C-AA13-C5DE7A867A23}.Release|Any CPU.ActiveCfg = Release|Any CPU
		{1426CD50-13A6-498C-AA13-C5DE7A867A23}.Release|Any CPU.Build.0 = Release|Any CPU
	EndGlobalSection
	GlobalSection(SolutionProperties) = preSolution
		HideSolutionNode = FALSE
	EndGlobalSection
	GlobalSection(NestedProjects) = preSolution
		{C55BCF67-59B9-40E6-A245-50266E257957} = {BE4F81D7-319E-4D46-B091-1B5ADF86B478}
		{DCC58185-8212-4226-9E7D-F459E9FA461D} = {803AC18A-973A-4016-9FA0-1754531A7284}
		{FEC07B71-957D-478A-83B3-C91BEC8F0757} = {803AC18A-973A-4016-9FA0-1754531A7284}
		{C5E879B6-434F-435E-85A0-488DF77FC695} = {BE4F81D7-319E-4D46-B091-1B5ADF86B478}
		{D0C22787-041E-46F3-A257-DB9776581C64} = {803AC18A-973A-4016-9FA0-1754531A7284}
		{95E57BAC-729D-4BB9-8E3A-648A614729A6} = {BE4F81D7-319E-4D46-B091-1B5ADF86B478}
		{DC0EF4AF-4B0B-4946-9860-044799E6AF52} = {803AC18A-973A-4016-9FA0-1754531A7284}
		{9A85BBD8-E43A-4DD8-8E82-40469B6D00DB} = {803AC18A-973A-4016-9FA0-1754531A7284}
		{3CBC7D64-F558-420E-AD70-881103BD8DAC} = {803AC18A-973A-4016-9FA0-1754531A7284}
		{B810F50E-BC5F-4C14-B032-6A786DB7269C} = {803AC18A-973A-4016-9FA0-1754531A7284}
		{B17B6827-B9E5-450A-A40B-737729F7E931} = {803AC18A-973A-4016-9FA0-1754531A7284}
		{048CDBF6-EDE7-46F5-AED9-0522A40F0671} = {803AC18A-973A-4016-9FA0-1754531A7284}
		{71158916-80D4-4497-A8B4-35230FC96C1C} = {803AC18A-973A-4016-9FA0-1754531A7284}
		{3B9028AD-EF1B-4A85-A8A5-A3888716EC3A} = {BE4F81D7-319E-4D46-B091-1B5ADF86B478}
		{AD83A989-CB7E-4332-A12A-1B4B12703A5B} = {AA4E1C34-B3F3-47C5-9A0C-18B0E72155D2}
		{9790BCC9-0299-4850-8F8B-1E2A156AC698} = {803AC18A-973A-4016-9FA0-1754531A7284}
		{9B3B41FA-28C1-42C2-A560-4B6BA91A6EE7} = {1CF5BB02-3587-4DD7-847F-943F67308FC7}
		{BAA93BD8-9222-409E-9003-EAA0E578C1E8} = {803AC18A-973A-4016-9FA0-1754531A7284}
		{17E83140-C358-48FD-B6E0-4E985EB8FD30} = {1CF5BB02-3587-4DD7-847F-943F67308FC7}
		{1426CD50-13A6-498C-AA13-C5DE7A867A23} = {1CF5BB02-3587-4DD7-847F-943F67308FC7}
	EndGlobalSection
	GlobalSection(ExtensibilityGlobals) = postSolution
		SolutionGuid = {EDF5086C-311C-441D-8063-82C062301BD1}
	EndGlobalSection
EndGlobal
