
Microsoft Visual Studio Solution File, Format Version 12.00
# Visual Studio 15
VisualStudioVersion = 15.0.28307.329
MinimumVisualStudioVersion = 10.0.40219.1
Project("{FAE04EC0-301F-11D3-BF4B-00C04F79EFBC}") = "RoR2FluffyMods", "RoR2FluffyMods\RoR2FluffyMods.csproj", "{C6D03D18-1C47-4506-A72E-F5DC80A7DFAC}"
EndProject
Project("{FAE04EC0-301F-11D3-BF4B-00C04F79EFBC}") = "BackupEngiTurrets", "BackupEngiTurrets\BackupEngiTurrets.csproj", "{C55BCF67-59B9-40E6-A245-50266E257957}"
EndProject
Project("{FAE04EC0-301F-11D3-BF4B-00C04F79EFBC}") = "TheMightyBoop", "TheMightyBoop\TheMightyBoop.csproj", "{DCC58185-8212-4226-9E7D-F459E9FA461D}"
EndProject
Project("{FAE04EC0-301F-11D3-BF4B-00C04F79EFBC}") = "TeleportVote", "TeleportVote\TeleportVote.csproj", "{FEC07B71-957D-478A-83B3-C91BEC8F0757}"
EndProject
Project("{FAE04EC0-301F-11D3-BF4B-00C04F79EFBC}") = "MeteorPunishment", "MeteorPunishment\MeteorPunishment.csproj", "{C5E879B6-434F-435E-85A0-488DF77FC695}"
EndProject
Project("{FAE04EC0-301F-11D3-BF4B-00C04F79EFBC}") = "EngiShieldNotification", "EngiShieldNotification\EngiShieldNotification.csproj", "{D0C22787-041E-46F3-A257-DB9776581C64}"
EndProject
Project("{FAE04EC0-301F-11D3-BF4B-00C04F79EFBC}") = "MotherfuckingFungus", "ItsAMotherfuckingFungus\MotherfuckingFungus.csproj", "{95E57BAC-729D-4BB9-8E3A-648A614729A6}"
EndProject
Project("{FAE04EC0-301F-11D3-BF4B-00C04F79EFBC}") = "InfusionStackFix", "InfusionStackFix\InfusionStackFix.csproj", "{DC0EF4AF-4B0B-4946-9860-044799E6AF52}"
EndProject
Project("{FAE04EC0-301F-11D3-BF4B-00C04F79EFBC}") = "PocketMoney", "PocketMoney\PocketMoney.csproj", "{9A85BBD8-E43A-4DD8-8E82-40469B6D00DB}"
EndProject
Project("{FAE04EC0-301F-11D3-BF4B-00C04F79EFBC}") = "RiskOfVampirism", "RiskOfVampires\RiskOfVampirism.csproj", "{3CBC7D64-F558-420E-AD70-881103BD8DAC}"
EndProject
Project("{FAE04EC0-301F-11D3-BF4B-00C04F79EFBC}") = "BulletFalloffFix", "BulletFalloffFix\BulletFalloffFix.csproj", "{B810F50E-BC5F-4C14-B032-6A786DB7269C}"
EndProject
Project("{FAE04EC0-301F-11D3-BF4B-00C04F79EFBC}") = "RenergisedDrink", "RenergisedDrink\RenergisedDrink.csproj", "{B17B6827-B9E5-450A-A40B-737729F7E931}"
EndProject
Project("{2150E333-8FDC-42A3-9474-1A3956D46DE8}") = "OnHold", "OnHold", "{AA4E1C34-B3F3-47C5-9A0C-18B0E72155D2}"
EndProject
Project("{FAE04EC0-301F-11D3-BF4B-00C04F79EFBC}") = "ChronobaubleFix", "ChronobaubleFix\ChronobaubleFix.csproj", "{048CDBF6-EDE7-46F5-AED9-0522A40F0671}"
EndProject
Project("{2150E333-8FDC-42A3-9474-1A3956D46DE8}") = "WOP", "WOP", "{1FC39F4E-0F1D-4AEF-9BA4-16FF855A5949}"
EndProject
Project("{FAE04EC0-301F-11D3-BF4B-00C04F79EFBC}") = "MacroCommands", "MacroCommands\MacroCommands.csproj", "{71158916-80D4-4497-A8B4-35230FC96C1C}"
EndProject
Project("{2150E333-8FDC-42A3-9474-1A3956D46DE8}") = "Test", "Test", "{C5307E2E-C80C-4699-9389-C81E683CB940}"
EndProject
Project("{2150E333-8FDC-42A3-9474-1A3956D46DE8}") = "Released", "Released", "{803AC18A-973A-4016-9FA0-1754531A7284}"
EndProject
Project("{FAE04EC0-301F-11D3-BF4B-00C04F79EFBC}") = "DeployableOwnerInformation", "DeployableToOwnerLink\DeployableOwnerInformation.csproj", "{3B9028AD-EF1B-4A85-A8A5-A3888716EC3A}"
EndProject
Project("{FAE04EC0-301F-11D3-BF4B-00C04F79EFBC}") = "RiskOfCatFacts", "RiskOfCatFacts\RiskOfCatFacts.csproj", "{AD83A989-CB7E-4332-A12A-1B4B12703A5B}"
EndProject
Project("{2150E333-8FDC-42A3-9474-1A3956D46DE8}") = "Ready", "Ready", "{FD838339-6AE9-4E16-AD0C-EF1875C47002}"
EndProject
Project("{FAE04EC0-301F-11D3-BF4B-00C04F79EFBC}") = "InputLogger", "InputLogger\InputLogger.csproj", "{9790BCC9-0299-4850-8F8B-1E2A156AC698}"
EndProject
Project("{FAE04EC0-301F-11D3-BF4B-00C04F79EFBC}") = "SupportSurv", "SupportSurv\SupportSurv.csproj", "{5B0E1EC9-EAE0-48C1-95DA-0AEDDB61B3EF}"
EndProject
Global
	GlobalSection(SolutionConfigurationPlatforms) = preSolution
		Debug|Any CPU = Debug|Any CPU
		Release|Any CPU = Release|Any CPU
	EndGlobalSection
	GlobalSection(ProjectConfigurationPlatforms) = postSolution
		{C6D03D18-1C47-4506-A72E-F5DC80A7DFAC}.Debug|Any CPU.ActiveCfg = Debug|Any CPU
		{C6D03D18-1C47-4506-A72E-F5DC80A7DFAC}.Debug|Any CPU.Build.0 = Debug|Any CPU
		{C6D03D18-1C47-4506-A72E-F5DC80A7DFAC}.Release|Any CPU.ActiveCfg = Release|Any CPU
		{C6D03D18-1C47-4506-A72E-F5DC80A7DFAC}.Release|Any CPU.Build.0 = Release|Any CPU
		{C55BCF67-59B9-40E6-A245-50266E257957}.Debug|Any CPU.ActiveCfg = Debug|Any CPU
		{C55BCF67-59B9-40E6-A245-50266E257957}.Debug|Any CPU.Build.0 = Debug|Any CPU
		{C55BCF67-59B9-40E6-A245-50266E257957}.Release|Any CPU.ActiveCfg = Release|Any CPU
		{C55BCF67-59B9-40E6-A245-50266E257957}.Release|Any CPU.Build.0 = Release|Any CPU
		{DCC58185-8212-4226-9E7D-F459E9FA461D}.Debug|Any CPU.ActiveCfg = Debug|Any CPU
		{DCC58185-8212-4226-9E7D-F459E9FA461D}.Debug|Any CPU.Build.0 = Debug|Any CPU
		{DCC58185-8212-4226-9E7D-F459E9FA461D}.Release|Any CPU.ActiveCfg = Release|Any CPU
		{DCC58185-8212-4226-9E7D-F459E9FA461D}.Release|Any CPU.Build.0 = Release|Any CPU
		{FEC07B71-957D-478A-83B3-C91BEC8F0757}.Debug|Any CPU.ActiveCfg = Debug|Any CPU
		{FEC07B71-957D-478A-83B3-C91BEC8F0757}.Debug|Any CPU.Build.0 = Debug|Any CPU
		{FEC07B71-957D-478A-83B3-C91BEC8F0757}.Release|Any CPU.ActiveCfg = Release|Any CPU
		{FEC07B71-957D-478A-83B3-C91BEC8F0757}.Release|Any CPU.Build.0 = Release|Any CPU
		{C5E879B6-434F-435E-85A0-488DF77FC695}.Debug|Any CPU.ActiveCfg = Debug|Any CPU
		{C5E879B6-434F-435E-85A0-488DF77FC695}.Debug|Any CPU.Build.0 = Debug|Any CPU
		{C5E879B6-434F-435E-85A0-488DF77FC695}.Release|Any CPU.ActiveCfg = Release|Any CPU
		{C5E879B6-434F-435E-85A0-488DF77FC695}.Release|Any CPU.Build.0 = Release|Any CPU
		{D0C22787-041E-46F3-A257-DB9776581C64}.Debug|Any CPU.ActiveCfg = Debug|Any CPU
		{D0C22787-041E-46F3-A257-DB9776581C64}.Debug|Any CPU.Build.0 = Debug|Any CPU
		{D0C22787-041E-46F3-A257-DB9776581C64}.Release|Any CPU.ActiveCfg = Release|Any CPU
		{D0C22787-041E-46F3-A257-DB9776581C64}.Release|Any CPU.Build.0 = Release|Any CPU
		{95E57BAC-729D-4BB9-8E3A-648A614729A6}.Debug|Any CPU.ActiveCfg = Debug|Any CPU
		{95E57BAC-729D-4BB9-8E3A-648A614729A6}.Debug|Any CPU.Build.0 = Debug|Any CPU
		{95E57BAC-729D-4BB9-8E3A-648A614729A6}.Release|Any CPU.ActiveCfg = Release|Any CPU
		{95E57BAC-729D-4BB9-8E3A-648A614729A6}.Release|Any CPU.Build.0 = Release|Any CPU
		{DC0EF4AF-4B0B-4946-9860-044799E6AF52}.Debug|Any CPU.ActiveCfg = Debug|Any CPU
		{DC0EF4AF-4B0B-4946-9860-044799E6AF52}.Debug|Any CPU.Build.0 = Debug|Any CPU
		{DC0EF4AF-4B0B-4946-9860-044799E6AF52}.Release|Any CPU.ActiveCfg = Release|Any CPU
		{DC0EF4AF-4B0B-4946-9860-044799E6AF52}.Release|Any CPU.Build.0 = Release|Any CPU
		{9A85BBD8-E43A-4DD8-8E82-40469B6D00DB}.Debug|Any CPU.ActiveCfg = Debug|Any CPU
		{9A85BBD8-E43A-4DD8-8E82-40469B6D00DB}.Debug|Any CPU.Build.0 = Debug|Any CPU
		{9A85BBD8-E43A-4DD8-8E82-40469B6D00DB}.Release|Any CPU.ActiveCfg = Release|Any CPU
		{9A85BBD8-E43A-4DD8-8E82-40469B6D00DB}.Release|Any CPU.Build.0 = Release|Any CPU
		{3CBC7D64-F558-420E-AD70-881103BD8DAC}.Debug|Any CPU.ActiveCfg = Debug|Any CPU
		{3CBC7D64-F558-420E-AD70-881103BD8DAC}.Debug|Any CPU.Build.0 = Debug|Any CPU
		{3CBC7D64-F558-420E-AD70-881103BD8DAC}.Release|Any CPU.ActiveCfg = Release|Any CPU
		{3CBC7D64-F558-420E-AD70-881103BD8DAC}.Release|Any CPU.Build.0 = Release|Any CPU
		{B810F50E-BC5F-4C14-B032-6A786DB7269C}.Debug|Any CPU.ActiveCfg = Debug|Any CPU
		{B810F50E-BC5F-4C14-B032-6A786DB7269C}.Debug|Any CPU.Build.0 = Debug|Any CPU
		{B810F50E-BC5F-4C14-B032-6A786DB7269C}.Release|Any CPU.ActiveCfg = Release|Any CPU
		{B810F50E-BC5F-4C14-B032-6A786DB7269C}.Release|Any CPU.Build.0 = Release|Any CPU
		{B17B6827-B9E5-450A-A40B-737729F7E931}.Debug|Any CPU.ActiveCfg = Debug|Any CPU
		{B17B6827-B9E5-450A-A40B-737729F7E931}.Debug|Any CPU.Build.0 = Debug|Any CPU
		{B17B6827-B9E5-450A-A40B-737729F7E931}.Release|Any CPU.ActiveCfg = Release|Any CPU
		{B17B6827-B9E5-450A-A40B-737729F7E931}.Release|Any CPU.Build.0 = Release|Any CPU
		{048CDBF6-EDE7-46F5-AED9-0522A40F0671}.Debug|Any CPU.ActiveCfg = Debug|Any CPU
		{048CDBF6-EDE7-46F5-AED9-0522A40F0671}.Debug|Any CPU.Build.0 = Debug|Any CPU
		{048CDBF6-EDE7-46F5-AED9-0522A40F0671}.Release|Any CPU.ActiveCfg = Release|Any CPU
		{048CDBF6-EDE7-46F5-AED9-0522A40F0671}.Release|Any CPU.Build.0 = Release|Any CPU
		{71158916-80D4-4497-A8B4-35230FC96C1C}.Debug|Any CPU.ActiveCfg = Debug|Any CPU
		{71158916-80D4-4497-A8B4-35230FC96C1C}.Debug|Any CPU.Build.0 = Debug|Any CPU
		{71158916-80D4-4497-A8B4-35230FC96C1C}.Release|Any CPU.ActiveCfg = Release|Any CPU
		{71158916-80D4-4497-A8B4-35230FC96C1C}.Release|Any CPU.Build.0 = Release|Any CPU
		{3B9028AD-EF1B-4A85-A8A5-A3888716EC3A}.Debug|Any CPU.ActiveCfg = Debug|Any CPU
		{3B9028AD-EF1B-4A85-A8A5-A3888716EC3A}.Debug|Any CPU.Build.0 = Debug|Any CPU
		{3B9028AD-EF1B-4A85-A8A5-A3888716EC3A}.Release|Any CPU.ActiveCfg = Release|Any CPU
		{3B9028AD-EF1B-4A85-A8A5-A3888716EC3A}.Release|Any CPU.Build.0 = Release|Any CPU
		{AD83A989-CB7E-4332-A12A-1B4B12703A5B}.Debug|Any CPU.ActiveCfg = Debug|Any CPU
		{AD83A989-CB7E-4332-A12A-1B4B12703A5B}.Debug|Any CPU.Build.0 = Debug|Any CPU
		{AD83A989-CB7E-4332-A12A-1B4B12703A5B}.Release|Any CPU.ActiveCfg = Release|Any CPU
		{AD83A989-CB7E-4332-A12A-1B4B12703A5B}.Release|Any CPU.Build.0 = Release|Any CPU
		{9790BCC9-0299-4850-8F8B-1E2A156AC698}.Debug|Any CPU.ActiveCfg = Debug|Any CPU
		{9790BCC9-0299-4850-8F8B-1E2A156AC698}.Debug|Any CPU.Build.0 = Debug|Any CPU
		{9790BCC9-0299-4850-8F8B-1E2A156AC698}.Release|Any CPU.ActiveCfg = Release|Any CPU
		{9790BCC9-0299-4850-8F8B-1E2A156AC698}.Release|Any CPU.Build.0 = Release|Any CPU
		{5B0E1EC9-EAE0-48C1-95DA-0AEDDB61B3EF}.Debug|Any CPU.ActiveCfg = Debug|Any CPU
		{5B0E1EC9-EAE0-48C1-95DA-0AEDDB61B3EF}.Debug|Any CPU.Build.0 = Debug|Any CPU
		{5B0E1EC9-EAE0-48C1-95DA-0AEDDB61B3EF}.Release|Any CPU.ActiveCfg = Release|Any CPU
		{5B0E1EC9-EAE0-48C1-95DA-0AEDDB61B3EF}.Release|Any CPU.Build.0 = Release|Any CPU
	EndGlobalSection
	GlobalSection(SolutionProperties) = preSolution
		HideSolutionNode = FALSE
	EndGlobalSection
	GlobalSection(NestedProjects) = preSolution
		{C6D03D18-1C47-4506-A72E-F5DC80A7DFAC} = {C5307E2E-C80C-4699-9389-C81E683CB940}
		{C55BCF67-59B9-40E6-A245-50266E257957} = {AA4E1C34-B3F3-47C5-9A0C-18B0E72155D2}
		{DCC58185-8212-4226-9E7D-F459E9FA461D} = {FD838339-6AE9-4E16-AD0C-EF1875C47002}
		{FEC07B71-957D-478A-83B3-C91BEC8F0757} = {FD838339-6AE9-4E16-AD0C-EF1875C47002}
		{C5E879B6-434F-435E-85A0-488DF77FC695} = {AA4E1C34-B3F3-47C5-9A0C-18B0E72155D2}
		{D0C22787-041E-46F3-A257-DB9776581C64} = {1FC39F4E-0F1D-4AEF-9BA4-16FF855A5949}
		{95E57BAC-729D-4BB9-8E3A-648A614729A6} = {FD838339-6AE9-4E16-AD0C-EF1875C47002}
		{DC0EF4AF-4B0B-4946-9860-044799E6AF52} = {FD838339-6AE9-4E16-AD0C-EF1875C47002}
		{9A85BBD8-E43A-4DD8-8E82-40469B6D00DB} = {FD838339-6AE9-4E16-AD0C-EF1875C47002}
		{3CBC7D64-F558-420E-AD70-881103BD8DAC} = {FD838339-6AE9-4E16-AD0C-EF1875C47002}
		{B810F50E-BC5F-4C14-B032-6A786DB7269C} = {FD838339-6AE9-4E16-AD0C-EF1875C47002}
		{B17B6827-B9E5-450A-A40B-737729F7E931} = {FD838339-6AE9-4E16-AD0C-EF1875C47002}
		{048CDBF6-EDE7-46F5-AED9-0522A40F0671} = {1FC39F4E-0F1D-4AEF-9BA4-16FF855A5949}
		{71158916-80D4-4497-A8B4-35230FC96C1C} = {FD838339-6AE9-4E16-AD0C-EF1875C47002}
		{3B9028AD-EF1B-4A85-A8A5-A3888716EC3A} = {FD838339-6AE9-4E16-AD0C-EF1875C47002}
		{AD83A989-CB7E-4332-A12A-1B4B12703A5B} = {FD838339-6AE9-4E16-AD0C-EF1875C47002}
		{9790BCC9-0299-4850-8F8B-1E2A156AC698} = {C5307E2E-C80C-4699-9389-C81E683CB940}
		{5B0E1EC9-EAE0-48C1-95DA-0AEDDB61B3EF} = {1FC39F4E-0F1D-4AEF-9BA4-16FF855A5949}
	EndGlobalSection
	GlobalSection(ExtensibilityGlobals) = postSolution
		SolutionGuid = {EDF5086C-311C-441D-8063-82C062301BD1}
	EndGlobalSection
EndGlobal
